
Microsoft Visual Studio Solution File, Format Version 12.00
# Visual Studio Version 16
VisualStudioVersion = 16.0.28803.156
MinimumVisualStudioVersion = 10.0.40219.1
Project("{FAE04EC0-301F-11D3-BF4B-00C04F79EFBC}") = "Veri Yapıları 1", "Veri Yapıları 1\Veri Yapıları 1.csproj", "{7005B8E5-E79E-412E-8C0E-9CDBC4A2717C}"
EndProject
Global
	GlobalSection(SolutionConfigurationPlatforms) = preSolution
		Debug|Any CPU = Debug|Any CPU
		Release|Any CPU = Release|Any CPU
	EndGlobalSection
	GlobalSection(ProjectConfigurationPlatforms) = postSolution
		{7005B8E5-E79E-412E-8C0E-9CDBC4A2717C}.Debug|Any CPU.ActiveCfg = Debug|Any CPU
		{7005B8E5-E79E-412E-8C0E-9CDBC4A2717C}.Debug|Any CPU.Build.0 = Debug|Any CPU
		{7005B8E5-E79E-412E-8C0E-9CDBC4A2717C}.Release|Any CPU.ActiveCfg = Release|Any CPU
		{7005B8E5-E79E-412E-8C0E-9CDBC4A2717C}.Release|Any CPU.Build.0 = Release|Any CPU
	EndGlobalSection
	GlobalSection(SolutionProperties) = preSolution
		HideSolutionNode = FALSE
	EndGlobalSection
	GlobalSection(ExtensibilityGlobals) = postSolution
		SolutionGuid = {2CDC0BE0-5180-4D2B-829B-F9B6C79928BD}
	EndGlobalSection
EndGlobal
